// !$*UTF8*$!
{
	archiveVersion = 1;
	classes = {
	};
	objectVersion = 48;
	objects = {

/* Begin PBXBuildFile section */
		B09029411FC3C760003FE2FB /* AppDelegate.m in Sources */ = {isa = PBXBuildFile; fileRef = B09029401FC3C760003FE2FB /* AppDelegate.m */; };
		B09029441FC3C760003FE2FB /* ViewController.m in Sources */ = {isa = PBXBuildFile; fileRef = B09029431FC3C760003FE2FB /* ViewController.m */; };
		B09029471FC3C760003FE2FB /* Main.storyboard in Resources */ = {isa = PBXBuildFile; fileRef = B09029451FC3C760003FE2FB /* Main.storyboard */; };
		B09029491FC3C760003FE2FB /* Assets.xcassets in Resources */ = {isa = PBXBuildFile; fileRef = B09029481FC3C760003FE2FB /* Assets.xcassets */; };
		B090294C1FC3C760003FE2FB /* LaunchScreen.storyboard in Resources */ = {isa = PBXBuildFile; fileRef = B090294A1FC3C760003FE2FB /* LaunchScreen.storyboard */; };
		B090294F1FC3C760003FE2FB /* main.m in Sources */ = {isa = PBXBuildFile; fileRef = B090294E1FC3C760003FE2FB /* main.m */; };
		B09029591FC3C760003FE2FB /* ExcelViewTests.m in Sources */ = {isa = PBXBuildFile; fileRef = B09029581FC3C760003FE2FB /* ExcelViewTests.m */; };
		B09029641FC3C760003FE2FB /* ExcelViewUITests.m in Sources */ = {isa = PBXBuildFile; fileRef = B09029631FC3C760003FE2FB /* ExcelViewUITests.m */; };
		B09029821FC3C7C4003FE2FB /* XTContentTableView.m in Sources */ = {isa = PBXBuildFile; fileRef = B09029741FC3C7C4003FE2FB /* XTContentTableView.m */; };
		B09029831FC3C7C4003FE2FB /* XTContentTableViewCell.m in Sources */ = {isa = PBXBuildFile; fileRef = B09029761FC3C7C4003FE2FB /* XTContentTableViewCell.m */; };
		B09029841FC3C7C4003FE2FB /* XTContentTableViewCellItem.m in Sources */ = {isa = PBXBuildFile; fileRef = B09029781FC3C7C4003FE2FB /* XTContentTableViewCellItem.m */; };
		B09029851FC3C7C4003FE2FB /* XTTopCollectionView.m in Sources */ = {isa = PBXBuildFile; fileRef = B090297B1FC3C7C4003FE2FB /* XTTopCollectionView.m */; };
		B09029861FC3C7C4003FE2FB /* XTTopCollectionViewCell.m in Sources */ = {isa = PBXBuildFile; fileRef = B090297D1FC3C7C4003FE2FB /* XTTopCollectionViewCell.m */; };
		B09029871FC3C7C4003FE2FB /* XTExcelView.m in Sources */ = {isa = PBXBuildFile; fileRef = B09029801FC3C7C4003FE2FB /* XTExcelView.m */; };
		B09029A21FC3C842003FE2FB /* MASCompositeConstraint.m in Sources */ = {isa = PBXBuildFile; fileRef = B090298A1FC3C842003FE2FB /* MASCompositeConstraint.m */; };
		B09029A31FC3C842003FE2FB /* MASConstraint.m in Sources */ = {isa = PBXBuildFile; fileRef = B090298D1FC3C842003FE2FB /* MASConstraint.m */; };
		B09029A41FC3C842003FE2FB /* MASConstraintMaker.m in Sources */ = {isa = PBXBuildFile; fileRef = B090298F1FC3C842003FE2FB /* MASConstraintMaker.m */; };
		B09029A51FC3C842003FE2FB /* MASLayoutConstraint.m in Sources */ = {isa = PBXBuildFile; fileRef = B09029911FC3C842003FE2FB /* MASLayoutConstraint.m */; };
		B09029A61FC3C842003FE2FB /* MASViewAttribute.m in Sources */ = {isa = PBXBuildFile; fileRef = B09029951FC3C842003FE2FB /* MASViewAttribute.m */; };
		B09029A71FC3C842003FE2FB /* MASViewConstraint.m in Sources */ = {isa = PBXBuildFile; fileRef = B09029971FC3C842003FE2FB /* MASViewConstraint.m */; };
		B09029A81FC3C842003FE2FB /* NSArray+MASAdditions.m in Sources */ = {isa = PBXBuildFile; fileRef = B09029991FC3C842003FE2FB /* NSArray+MASAdditions.m */; };
		B09029A91FC3C842003FE2FB /* NSLayoutConstraint+MASDebugAdditions.m in Sources */ = {isa = PBXBuildFile; fileRef = B090299C1FC3C842003FE2FB /* NSLayoutConstraint+MASDebugAdditions.m */; };
		B09029AA1FC3C842003FE2FB /* View+MASAdditions.m in Sources */ = {isa = PBXBuildFile; fileRef = B090299E1FC3C842003FE2FB /* View+MASAdditions.m */; };
		B09029AB1FC3C842003FE2FB /* ViewController+MASAdditions.m in Sources */ = {isa = PBXBuildFile; fileRef = B09029A11FC3C842003FE2FB /* ViewController+MASAdditions.m */; };
/* End PBXBuildFile section */

/* Begin PBXContainerItemProxy section */
		B09029551FC3C760003FE2FB /* PBXContainerItemProxy */ = {
			isa = PBXContainerItemProxy;
			containerPortal = B09029341FC3C760003FE2FB /* Project object */;
			proxyType = 1;
			remoteGlobalIDString = B090293B1FC3C760003FE2FB;
			remoteInfo = ExcelView;
		};
		B09029601FC3C760003FE2FB /* PBXContainerItemProxy */ = {
			isa = PBXContainerItemProxy;
			containerPortal = B09029341FC3C760003FE2FB /* Project object */;
			proxyType = 1;
			remoteGlobalIDString = B090293B1FC3C760003FE2FB;
			remoteInfo = ExcelView;
		};
/* End PBXContainerItemProxy section */

/* Begin PBXFileReference section */
		B090293C1FC3C760003FE2FB /* ExcelView.app */ = {isa = PBXFileReference; explicitFileType = wrapper.application; includeInIndex = 0; path = ExcelView.app; sourceTree = BUILT_PRODUCTS_DIR; };
		B090293F1FC3C760003FE2FB /* AppDelegate.h */ = {isa = PBXFileReference; lastKnownFileType = sourcecode.c.h; path = AppDelegate.h; sourceTree = "<group>"; };
		B09029401FC3C760003FE2FB /* AppDelegate.m */ = {isa = PBXFileReference; lastKnownFileType = sourcecode.c.objc; path = AppDelegate.m; sourceTree = "<group>"; };
		B09029421FC3C760003FE2FB /* ViewController.h */ = {isa = PBXFileReference; lastKnownFileType = sourcecode.c.h; path = ViewController.h; sourceTree = "<group>"; };
		B09029431FC3C760003FE2FB /* ViewController.m */ = {isa = PBXFileReference; lastKnownFileType = sourcecode.c.objc; path = ViewController.m; sourceTree = "<group>"; };
		B09029461FC3C760003FE2FB /* Base */ = {isa = PBXFileReference; lastKnownFileType = file.storyboard; name = Base; path = Base.lproj/Main.storyboard; sourceTree = "<group>"; };
		B09029481FC3C760003FE2FB /* Assets.xcassets */ = {isa = PBXFileReference; lastKnownFileType = folder.assetcatalog; path = Assets.xcassets; sourceTree = "<group>"; };
		B090294B1FC3C760003FE2FB /* Base */ = {isa = PBXFileReference; lastKnownFileType = file.storyboard; name = Base; path = Base.lproj/LaunchScreen.storyboard; sourceTree = "<group>"; };
		B090294D1FC3C760003FE2FB /* Info.plist */ = {isa = PBXFileReference; lastKnownFileType = text.plist.xml; path = Info.plist; sourceTree = "<group>"; };
		B090294E1FC3C760003FE2FB /* main.m */ = {isa = PBXFileReference; lastKnownFileType = sourcecode.c.objc; path = main.m; sourceTree = "<group>"; };
		B09029541FC3C760003FE2FB /* ExcelViewTests.xctest */ = {isa = PBXFileReference; explicitFileType = wrapper.cfbundle; includeInIndex = 0; path = ExcelViewTests.xctest; sourceTree = BUILT_PRODUCTS_DIR; };
		B09029581FC3C760003FE2FB /* ExcelViewTests.m */ = {isa = PBXFileReference; lastKnownFileType = sourcecode.c.objc; path = ExcelViewTests.m; sourceTree = "<group>"; };
		B090295A1FC3C760003FE2FB /* Info.plist */ = {isa = PBXFileReference; lastKnownFileType = text.plist.xml; path = Info.plist; sourceTree = "<group>"; };
		B090295F1FC3C760003FE2FB /* ExcelViewUITests.xctest */ = {isa = PBXFileReference; explicitFileType = wrapper.cfbundle; includeInIndex = 0; path = ExcelViewUITests.xctest; sourceTree = BUILT_PRODUCTS_DIR; };
		B09029631FC3C760003FE2FB /* ExcelViewUITests.m */ = {isa = PBXFileReference; lastKnownFileType = sourcecode.c.objc; path = ExcelViewUITests.m; sourceTree = "<group>"; };
		B09029651FC3C760003FE2FB /* Info.plist */ = {isa = PBXFileReference; lastKnownFileType = text.plist.xml; path = Info.plist; sourceTree = "<group>"; };
		B09029731FC3C7C4003FE2FB /* XTContentTableView.h */ = {isa = PBXFileReference; fileEncoding = 4; lastKnownFileType = sourcecode.c.h; path = XTContentTableView.h; sourceTree = "<group>"; };
		B09029741FC3C7C4003FE2FB /* XTContentTableView.m */ = {isa = PBXFileReference; fileEncoding = 4; lastKnownFileType = sourcecode.c.objc; path = XTContentTableView.m; sourceTree = "<group>"; };
		B09029751FC3C7C4003FE2FB /* XTContentTableViewCell.h */ = {isa = PBXFileReference; fileEncoding = 4; lastKnownFileType = sourcecode.c.h; path = XTContentTableViewCell.h; sourceTree = "<group>"; };
		B09029761FC3C7C4003FE2FB /* XTContentTableViewCell.m */ = {isa = PBXFileReference; fileEncoding = 4; lastKnownFileType = sourcecode.c.objc; path = XTContentTableViewCell.m; sourceTree = "<group>"; };
		B09029771FC3C7C4003FE2FB /* XTContentTableViewCellItem.h */ = {isa = PBXFileReference; fileEncoding = 4; lastKnownFileType = sourcecode.c.h; path = XTContentTableViewCellItem.h; sourceTree = "<group>"; };
		B09029781FC3C7C4003FE2FB /* XTContentTableViewCellItem.m */ = {isa = PBXFileReference; fileEncoding = 4; lastKnownFileType = sourcecode.c.objc; path = XTContentTableViewCellItem.m; sourceTree = "<group>"; };
		B090297A1FC3C7C4003FE2FB /* XTTopCollectionView.h */ = {isa = PBXFileReference; fileEncoding = 4; lastKnownFileType = sourcecode.c.h; path = XTTopCollectionView.h; sourceTree = "<group>"; };
		B090297B1FC3C7C4003FE2FB /* XTTopCollectionView.m */ = {isa = PBXFileReference; fileEncoding = 4; lastKnownFileType = sourcecode.c.objc; path = XTTopCollectionView.m; sourceTree = "<group>"; };
		B090297C1FC3C7C4003FE2FB /* XTTopCollectionViewCell.h */ = {isa = PBXFileReference; fileEncoding = 4; lastKnownFileType = sourcecode.c.h; path = XTTopCollectionViewCell.h; sourceTree = "<group>"; };
		B090297D1FC3C7C4003FE2FB /* XTTopCollectionViewCell.m */ = {isa = PBXFileReference; fileEncoding = 4; lastKnownFileType = sourcecode.c.objc; path = XTTopCollectionViewCell.m; sourceTree = "<group>"; };
		B090297E1FC3C7C4003FE2FB /* XTExcel.h */ = {isa = PBXFileReference; fileEncoding = 4; lastKnownFileType = sourcecode.c.h; path = XTExcel.h; sourceTree = "<group>"; };
		B090297F1FC3C7C4003FE2FB /* XTExcelView.h */ = {isa = PBXFileReference; fileEncoding = 4; lastKnownFileType = sourcecode.c.h; path = XTExcelView.h; sourceTree = "<group>"; };
		B09029801FC3C7C4003FE2FB /* XTExcelView.m */ = {isa = PBXFileReference; fileEncoding = 4; lastKnownFileType = sourcecode.c.objc; path = XTExcelView.m; sourceTree = "<group>"; };
		B09029811FC3C7C4003FE2FB /* XTExcelViewDataSource.h */ = {isa = PBXFileReference; fileEncoding = 4; lastKnownFileType = sourcecode.c.h; path = XTExcelViewDataSource.h; sourceTree = "<group>"; };
		B09029891FC3C842003FE2FB /* MASCompositeConstraint.h */ = {isa = PBXFileReference; fileEncoding = 4; lastKnownFileType = sourcecode.c.h; path = MASCompositeConstraint.h; sourceTree = "<group>"; };
		B090298A1FC3C842003FE2FB /* MASCompositeConstraint.m */ = {isa = PBXFileReference; fileEncoding = 4; lastKnownFileType = sourcecode.c.objc; path = MASCompositeConstraint.m; sourceTree = "<group>"; };
		B090298B1FC3C842003FE2FB /* MASConstraint+Private.h */ = {isa = PBXFileReference; fileEncoding = 4; lastKnownFileType = sourcecode.c.h; path = "MASConstraint+Private.h"; sourceTree = "<group>"; };
		B090298C1FC3C842003FE2FB /* MASConstraint.h */ = {isa = PBXFileReference; fileEncoding = 4; lastKnownFileType = sourcecode.c.h; path = MASConstraint.h; sourceTree = "<group>"; };
		B090298D1FC3C842003FE2FB /* MASConstraint.m */ = {isa = PBXFileReference; fileEncoding = 4; lastKnownFileType = sourcecode.c.objc; path = MASConstraint.m; sourceTree = "<group>"; };
		B090298E1FC3C842003FE2FB /* MASConstraintMaker.h */ = {isa = PBXFileReference; fileEncoding = 4; lastKnownFileType = sourcecode.c.h; path = MASConstraintMaker.h; sourceTree = "<group>"; };
		B090298F1FC3C842003FE2FB /* MASConstraintMaker.m */ = {isa = PBXFileReference; fileEncoding = 4; lastKnownFileType = sourcecode.c.objc; path = MASConstraintMaker.m; sourceTree = "<group>"; };
		B09029901FC3C842003FE2FB /* MASLayoutConstraint.h */ = {isa = PBXFileReference; fileEncoding = 4; lastKnownFileType = sourcecode.c.h; path = MASLayoutConstraint.h; sourceTree = "<group>"; };
		B09029911FC3C842003FE2FB /* MASLayoutConstraint.m */ = {isa = PBXFileReference; fileEncoding = 4; lastKnownFileType = sourcecode.c.objc; path = MASLayoutConstraint.m; sourceTree = "<group>"; };
		B09029921FC3C842003FE2FB /* Masonry.h */ = {isa = PBXFileReference; fileEncoding = 4; lastKnownFileType = sourcecode.c.h; path = Masonry.h; sourceTree = "<group>"; };
		B09029931FC3C842003FE2FB /* MASUtilities.h */ = {isa = PBXFileReference; fileEncoding = 4; lastKnownFileType = sourcecode.c.h; path = MASUtilities.h; sourceTree = "<group>"; };
		B09029941FC3C842003FE2FB /* MASViewAttribute.h */ = {isa = PBXFileReference; fileEncoding = 4; lastKnownFileType = sourcecode.c.h; path = MASViewAttribute.h; sourceTree = "<group>"; };
		B09029951FC3C842003FE2FB /* MASViewAttribute.m */ = {isa = PBXFileReference; fileEncoding = 4; lastKnownFileType = sourcecode.c.objc; path = MASViewAttribute.m; sourceTree = "<group>"; };
		B09029961FC3C842003FE2FB /* MASViewConstraint.h */ = {isa = PBXFileReference; fileEncoding = 4; lastKnownFileType = sourcecode.c.h; path = MASViewConstraint.h; sourceTree = "<group>"; };
		B09029971FC3C842003FE2FB /* MASViewConstraint.m */ = {isa = PBXFileReference; fileEncoding = 4; lastKnownFileType = sourcecode.c.objc; path = MASViewConstraint.m; sourceTree = "<group>"; };
		B09029981FC3C842003FE2FB /* NSArray+MASAdditions.h */ = {isa = PBXFileReference; fileEncoding = 4; lastKnownFileType = sourcecode.c.h; path = "NSArray+MASAdditions.h"; sourceTree = "<group>"; };
		B09029991FC3C842003FE2FB /* NSArray+MASAdditions.m */ = {isa = PBXFileReference; fileEncoding = 4; lastKnownFileType = sourcecode.c.objc; path = "NSArray+MASAdditions.m"; sourceTree = "<group>"; };
		B090299A1FC3C842003FE2FB /* NSArray+MASShorthandAdditions.h */ = {isa = PBXFileReference; fileEncoding = 4; lastKnownFileType = sourcecode.c.h; path = "NSArray+MASShorthandAdditions.h"; sourceTree = "<group>"; };
		B090299B1FC3C842003FE2FB /* NSLayoutConstraint+MASDebugAdditions.h */ = {isa = PBXFileReference; fileEncoding = 4; lastKnownFileType = sourcecode.c.h; path = "NSLayoutConstraint+MASDebugAdditions.h"; sourceTree = "<group>"; };
		B090299C1FC3C842003FE2FB /* NSLayoutConstraint+MASDebugAdditions.m */ = {isa = PBXFileReference; fileEncoding = 4; lastKnownFileType = sourcecode.c.objc; path = "NSLayoutConstraint+MASDebugAdditions.m"; sourceTree = "<group>"; };
		B090299D1FC3C842003FE2FB /* View+MASAdditions.h */ = {isa = PBXFileReference; fileEncoding = 4; lastKnownFileType = sourcecode.c.h; path = "View+MASAdditions.h"; sourceTree = "<group>"; };
		B090299E1FC3C842003FE2FB /* View+MASAdditions.m */ = {isa = PBXFileReference; fileEncoding = 4; lastKnownFileType = sourcecode.c.objc; path = "View+MASAdditions.m"; sourceTree = "<group>"; };
		B090299F1FC3C842003FE2FB /* View+MASShorthandAdditions.h */ = {isa = PBXFileReference; fileEncoding = 4; lastKnownFileType = sourcecode.c.h; path = "View+MASShorthandAdditions.h"; sourceTree = "<group>"; };
		B09029A01FC3C842003FE2FB /* ViewController+MASAdditions.h */ = {isa = PBXFileReference; fileEncoding = 4; lastKnownFileType = sourcecode.c.h; path = "ViewController+MASAdditions.h"; sourceTree = "<group>"; };
		B09029A11FC3C842003FE2FB /* ViewController+MASAdditions.m */ = {isa = PBXFileReference; fileEncoding = 4; lastKnownFileType = sourcecode.c.objc; path = "ViewController+MASAdditions.m"; sourceTree = "<group>"; };
		B09029AC1FC3C8DC003FE2FB /* PrefixHeader.pch */ = {isa = PBXFileReference; lastKnownFileType = sourcecode.c.h; path = PrefixHeader.pch; sourceTree = "<group>"; };
/* End PBXFileReference section */

/* Begin PBXFrameworksBuildPhase section */
		B09029391FC3C760003FE2FB /* Frameworks */ = {
			isa = PBXFrameworksBuildPhase;
			buildActionMask = 2147483647;
			files = (
			);
			runOnlyForDeploymentPostprocessing = 0;
		};
		B09029511FC3C760003FE2FB /* Frameworks */ = {
			isa = PBXFrameworksBuildPhase;
			buildActionMask = 2147483647;
			files = (
			);
			runOnlyForDeploymentPostprocessing = 0;
		};
		B090295C1FC3C760003FE2FB /* Frameworks */ = {
			isa = PBXFrameworksBuildPhase;
			buildActionMask = 2147483647;
			files = (
			);
			runOnlyForDeploymentPostprocessing = 0;
		};
/* End PBXFrameworksBuildPhase section */

/* Begin PBXGroup section */
		B09029331FC3C760003FE2FB = {
			isa = PBXGroup;
			children = (
				B090293E1FC3C760003FE2FB /* ExcelView */,
				B09029571FC3C760003FE2FB /* ExcelViewTests */,
				B09029621FC3C760003FE2FB /* ExcelViewUITests */,
				B090293D1FC3C760003FE2FB /* Products */,
			);
			sourceTree = "<group>";
		};
		B090293D1FC3C760003FE2FB /* Products */ = {
			isa = PBXGroup;
			children = (
				B090293C1FC3C760003FE2FB /* ExcelView.app */,
				B09029541FC3C760003FE2FB /* ExcelViewTests.xctest */,
				B090295F1FC3C760003FE2FB /* ExcelViewUITests.xctest */,
			);
			name = Products;
			sourceTree = "<group>";
		};
		B090293E1FC3C760003FE2FB /* ExcelView */ = {
			isa = PBXGroup;
			children = (
				B09029711FC3C7C4003FE2FB /* ExcelView */,
				B090293F1FC3C760003FE2FB /* AppDelegate.h */,
				B09029401FC3C760003FE2FB /* AppDelegate.m */,
				B09029421FC3C760003FE2FB /* ViewController.h */,
				B09029431FC3C760003FE2FB /* ViewController.m */,
				B09029451FC3C760003FE2FB /* Main.storyboard */,
				B09029481FC3C760003FE2FB /* Assets.xcassets */,
				B090294A1FC3C760003FE2FB /* LaunchScreen.storyboard */,
				B090294D1FC3C760003FE2FB /* Info.plist */,
				B090294E1FC3C760003FE2FB /* main.m */,
				B09029881FC3C842003FE2FB /* Masonry */,
				B09029AC1FC3C8DC003FE2FB /* PrefixHeader.pch */,
			);
			path = ExcelView;
			sourceTree = "<group>";
		};
		B09029571FC3C760003FE2FB /* ExcelViewTests */ = {
			isa = PBXGroup;
			children = (
				B09029581FC3C760003FE2FB /* ExcelViewTests.m */,
				B090295A1FC3C760003FE2FB /* Info.plist */,
			);
			path = ExcelViewTests;
			sourceTree = "<group>";
		};
		B09029621FC3C760003FE2FB /* ExcelViewUITests */ = {
			isa = PBXGroup;
			children = (
				B09029631FC3C760003FE2FB /* ExcelViewUITests.m */,
				B09029651FC3C760003FE2FB /* Info.plist */,
			);
			path = ExcelViewUITests;
			sourceTree = "<group>";
		};
		B09029711FC3C7C4003FE2FB /* ExcelView */ = {
			isa = PBXGroup;
			children = (
				B09029721FC3C7C4003FE2FB /* ContentView */,
				B09029791FC3C7C4003FE2FB /* TopView */,
				B090297E1FC3C7C4003FE2FB /* XTExcel.h */,
				B090297F1FC3C7C4003FE2FB /* XTExcelView.h */,
				B09029801FC3C7C4003FE2FB /* XTExcelView.m */,
				B09029811FC3C7C4003FE2FB /* XTExcelViewDataSource.h */,
			);
			path = ExcelView;
			sourceTree = "<group>";
		};
		B09029721FC3C7C4003FE2FB /* ContentView */ = {
			isa = PBXGroup;
			children = (
				B09029731FC3C7C4003FE2FB /* XTContentTableView.h */,
				B09029741FC3C7C4003FE2FB /* XTContentTableView.m */,
				B09029751FC3C7C4003FE2FB /* XTContentTableViewCell.h */,
				B09029761FC3C7C4003FE2FB /* XTContentTableViewCell.m */,
				B09029771FC3C7C4003FE2FB /* XTContentTableViewCellItem.h */,
				B09029781FC3C7C4003FE2FB /* XTContentTableViewCellItem.m */,
			);
			path = ContentView;
			sourceTree = "<group>";
		};
		B09029791FC3C7C4003FE2FB /* TopView */ = {
			isa = PBXGroup;
			children = (
				B090297A1FC3C7C4003FE2FB /* XTTopCollectionView.h */,
				B090297B1FC3C7C4003FE2FB /* XTTopCollectionView.m */,
				B090297C1FC3C7C4003FE2FB /* XTTopCollectionViewCell.h */,
				B090297D1FC3C7C4003FE2FB /* XTTopCollectionViewCell.m */,
			);
			path = TopView;
			sourceTree = "<group>";
		};
		B09029881FC3C842003FE2FB /* Masonry */ = {
			isa = PBXGroup;
			children = (
				B09029891FC3C842003FE2FB /* MASCompositeConstraint.h */,
				B090298A1FC3C842003FE2FB /* MASCompositeConstraint.m */,
				B090298B1FC3C842003FE2FB /* MASConstraint+Private.h */,
				B090298C1FC3C842003FE2FB /* MASConstraint.h */,
				B090298D1FC3C842003FE2FB /* MASConstraint.m */,
				B090298E1FC3C842003FE2FB /* MASConstraintMaker.h */,
				B090298F1FC3C842003FE2FB /* MASConstraintMaker.m */,
				B09029901FC3C842003FE2FB /* MASLayoutConstraint.h */,
				B09029911FC3C842003FE2FB /* MASLayoutConstraint.m */,
				B09029921FC3C842003FE2FB /* Masonry.h */,
				B09029931FC3C842003FE2FB /* MASUtilities.h */,
				B09029941FC3C842003FE2FB /* MASViewAttribute.h */,
				B09029951FC3C842003FE2FB /* MASViewAttribute.m */,
				B09029961FC3C842003FE2FB /* MASViewConstraint.h */,
				B09029971FC3C842003FE2FB /* MASViewConstraint.m */,
				B09029981FC3C842003FE2FB /* NSArray+MASAdditions.h */,
				B09029991FC3C842003FE2FB /* NSArray+MASAdditions.m */,
				B090299A1FC3C842003FE2FB /* NSArray+MASShorthandAdditions.h */,
				B090299B1FC3C842003FE2FB /* NSLayoutConstraint+MASDebugAdditions.h */,
				B090299C1FC3C842003FE2FB /* NSLayoutConstraint+MASDebugAdditions.m */,
				B090299D1FC3C842003FE2FB /* View+MASAdditions.h */,
				B090299E1FC3C842003FE2FB /* View+MASAdditions.m */,
				B090299F1FC3C842003FE2FB /* View+MASShorthandAdditions.h */,
				B09029A01FC3C842003FE2FB /* ViewController+MASAdditions.h */,
				B09029A11FC3C842003FE2FB /* ViewController+MASAdditions.m */,
			);
			path = Masonry;
			sourceTree = "<group>";
		};
/* End PBXGroup section */

/* Begin PBXNativeTarget section */
		B090293B1FC3C760003FE2FB /* ExcelView */ = {
			isa = PBXNativeTarget;
			buildConfigurationList = B09029681FC3C761003FE2FB /* Build configuration list for PBXNativeTarget "ExcelView" */;
			buildPhases = (
				B09029381FC3C760003FE2FB /* Sources */,
				B09029391FC3C760003FE2FB /* Frameworks */,
				B090293A1FC3C760003FE2FB /* Resources */,
			);
			buildRules = (
			);
			dependencies = (
			);
			name = ExcelView;
			productName = ExcelView;
			productReference = B090293C1FC3C760003FE2FB /* ExcelView.app */;
			productType = "com.apple.product-type.application";
		};
		B09029531FC3C760003FE2FB /* ExcelViewTests */ = {
			isa = PBXNativeTarget;
			buildConfigurationList = B090296B1FC3C761003FE2FB /* Build configuration list for PBXNativeTarget "ExcelViewTests" */;
			buildPhases = (
				B09029501FC3C760003FE2FB /* Sources */,
				B09029511FC3C760003FE2FB /* Frameworks */,
				B09029521FC3C760003FE2FB /* Resources */,
			);
			buildRules = (
			);
			dependencies = (
				B09029561FC3C760003FE2FB /* PBXTargetDependency */,
			);
			name = ExcelViewTests;
			productName = ExcelViewTests;
			productReference = B09029541FC3C760003FE2FB /* ExcelViewTests.xctest */;
			productType = "com.apple.product-type.bundle.unit-test";
		};
		B090295E1FC3C760003FE2FB /* ExcelViewUITests */ = {
			isa = PBXNativeTarget;
			buildConfigurationList = B090296E1FC3C761003FE2FB /* Build configuration list for PBXNativeTarget "ExcelViewUITests" */;
			buildPhases = (
				B090295B1FC3C760003FE2FB /* Sources */,
				B090295C1FC3C760003FE2FB /* Frameworks */,
				B090295D1FC3C760003FE2FB /* Resources */,
			);
			buildRules = (
			);
			dependencies = (
				B09029611FC3C760003FE2FB /* PBXTargetDependency */,
			);
			name = ExcelViewUITests;
			productName = ExcelViewUITests;
			productReference = B090295F1FC3C760003FE2FB /* ExcelViewUITests.xctest */;
			productType = "com.apple.product-type.bundle.ui-testing";
		};
/* End PBXNativeTarget section */

/* Begin PBXProject section */
		B09029341FC3C760003FE2FB /* Project object */ = {
			isa = PBXProject;
			attributes = {
				LastUpgradeCheck = 0900;
				ORGANIZATIONNAME = "cao longjian";
				TargetAttributes = {
					B090293B1FC3C760003FE2FB = {
						CreatedOnToolsVersion = 9.0.1;
						ProvisioningStyle = Automatic;
					};
					B09029531FC3C760003FE2FB = {
						CreatedOnToolsVersion = 9.0.1;
						ProvisioningStyle = Automatic;
						TestTargetID = B090293B1FC3C760003FE2FB;
					};
					B090295E1FC3C760003FE2FB = {
						CreatedOnToolsVersion = 9.0.1;
						ProvisioningStyle = Automatic;
						TestTargetID = B090293B1FC3C760003FE2FB;
					};
				};
			};
			buildConfigurationList = B09029371FC3C760003FE2FB /* Build configuration list for PBXProject "ExcelView" */;
			compatibilityVersion = "Xcode 8.0";
			developmentRegion = en;
			hasScannedForEncodings = 0;
			knownRegions = (
				en,
				Base,
			);
			mainGroup = B09029331FC3C760003FE2FB;
			productRefGroup = B090293D1FC3C760003FE2FB /* Products */;
			projectDirPath = "";
			projectRoot = "";
			targets = (
				B090293B1FC3C760003FE2FB /* ExcelView */,
				B09029531FC3C760003FE2FB /* ExcelViewTests */,
				B090295E1FC3C760003FE2FB /* ExcelViewUITests */,
			);
		};
/* End PBXProject section */

/* Begin PBXResourcesBuildPhase section */
		B090293A1FC3C760003FE2FB /* Resources */ = {
			isa = PBXResourcesBuildPhase;
			buildActionMask = 2147483647;
			files = (
				B090294C1FC3C760003FE2FB /* LaunchScreen.storyboard in Resources */,
				B09029491FC3C760003FE2FB /* Assets.xcassets in Resources */,
				B09029471FC3C760003FE2FB /* Main.storyboard in Resources */,
			);
			runOnlyForDeploymentPostprocessing = 0;
		};
		B09029521FC3C760003FE2FB /* Resources */ = {
			isa = PBXResourcesBuildPhase;
			buildActionMask = 2147483647;
			files = (
			);
			runOnlyForDeploymentPostprocessing = 0;
		};
		B090295D1FC3C760003FE2FB /* Resources */ = {
			isa = PBXResourcesBuildPhase;
			buildActionMask = 2147483647;
			files = (
			);
			runOnlyForDeploymentPostprocessing = 0;
		};
/* End PBXResourcesBuildPhase section */

/* Begin PBXSourcesBuildPhase section */
		B09029381FC3C760003FE2FB /* Sources */ = {
			isa = PBXSourcesBuildPhase;
			buildActionMask = 2147483647;
			files = (
				B09029A71FC3C842003FE2FB /* MASViewConstraint.m in Sources */,
				B09029841FC3C7C4003FE2FB /* XTContentTableViewCellItem.m in Sources */,
				B09029A61FC3C842003FE2FB /* MASViewAttribute.m in Sources */,
				B09029851FC3C7C4003FE2FB /* XTTopCollectionView.m in Sources */,
				B09029861FC3C7C4003FE2FB /* XTTopCollectionViewCell.m in Sources */,
				B09029441FC3C760003FE2FB /* ViewController.m in Sources */,
				B09029A21FC3C842003FE2FB /* MASCompositeConstraint.m in Sources */,
				B09029A41FC3C842003FE2FB /* MASConstraintMaker.m in Sources */,
				B09029AA1FC3C842003FE2FB /* View+MASAdditions.m in Sources */,
				B09029A51FC3C842003FE2FB /* MASLayoutConstraint.m in Sources */,
				B09029AB1FC3C842003FE2FB /* ViewController+MASAdditions.m in Sources */,
				B09029A31FC3C842003FE2FB /* MASConstraint.m in Sources */,
				B09029821FC3C7C4003FE2FB /* XTContentTableView.m in Sources */,
				B09029871FC3C7C4003FE2FB /* XTExcelView.m in Sources */,
				B09029A81FC3C842003FE2FB /* NSArray+MASAdditions.m in Sources */,
				B09029A91FC3C842003FE2FB /* NSLayoutConstraint+MASDebugAdditions.m in Sources */,
				B090294F1FC3C760003FE2FB /* main.m in Sources */,
				B09029411FC3C760003FE2FB /* AppDelegate.m in Sources */,
				B09029831FC3C7C4003FE2FB /* XTContentTableViewCell.m in Sources */,
			);
			runOnlyForDeploymentPostprocessing = 0;
		};
		B09029501FC3C760003FE2FB /* Sources */ = {
			isa = PBXSourcesBuildPhase;
			buildActionMask = 2147483647;
			files = (
				B09029591FC3C760003FE2FB /* ExcelViewTests.m in Sources */,
			);
			runOnlyForDeploymentPostprocessing = 0;
		};
		B090295B1FC3C760003FE2FB /* Sources */ = {
			isa = PBXSourcesBuildPhase;
			buildActionMask = 2147483647;
			files = (
				B09029641FC3C760003FE2FB /* ExcelViewUITests.m in Sources */,
			);
			runOnlyForDeploymentPostprocessing = 0;
		};
/* End PBXSourcesBuildPhase section */

/* Begin PBXTargetDependency section */
		B09029561FC3C760003FE2FB /* PBXTargetDependency */ = {
			isa = PBXTargetDependency;
			target = B090293B1FC3C760003FE2FB /* ExcelView */;
			targetProxy = B09029551FC3C760003FE2FB /* PBXContainerItemProxy */;
		};
		B09029611FC3C760003FE2FB /* PBXTargetDependency */ = {
			isa = PBXTargetDependency;
			target = B090293B1FC3C760003FE2FB /* ExcelView */;
			targetProxy = B09029601FC3C760003FE2FB /* PBXContainerItemProxy */;
		};
/* End PBXTargetDependency section */

/* Begin PBXVariantGroup section */
		B09029451FC3C760003FE2FB /* Main.storyboard */ = {
			isa = PBXVariantGroup;
			children = (
				B09029461FC3C760003FE2FB /* Base */,
			);
			name = Main.storyboard;
			sourceTree = "<group>";
		};
		B090294A1FC3C760003FE2FB /* LaunchScreen.storyboard */ = {
			isa = PBXVariantGroup;
			children = (
				B090294B1FC3C760003FE2FB /* Base */,
			);
			name = LaunchScreen.storyboard;
			sourceTree = "<group>";
		};
/* End PBXVariantGroup section */

/* Begin XCBuildConfiguration section */
		B09029661FC3C761003FE2FB /* Debug */ = {
			isa = XCBuildConfiguration;
			buildSettings = {
				ALWAYS_SEARCH_USER_PATHS = NO;
				CLANG_ANALYZER_NONNULL = YES;
				CLANG_ANALYZER_NUMBER_OBJECT_CONVERSION = YES_AGGRESSIVE;
				CLANG_CXX_LANGUAGE_STANDARD = "gnu++14";
				CLANG_CXX_LIBRARY = "libc++";
				CLANG_ENABLE_MODULES = YES;
				CLANG_ENABLE_OBJC_ARC = YES;
				CLANG_WARN_BLOCK_CAPTURE_AUTORELEASING = YES;
				CLANG_WARN_BOOL_CONVERSION = YES;
				CLANG_WARN_COMMA = YES;
				CLANG_WARN_CONSTANT_CONVERSION = YES;
				CLANG_WARN_DIRECT_OBJC_ISA_USAGE = YES_ERROR;
				CLANG_WARN_DOCUMENTATION_COMMENTS = YES;
				CLANG_WARN_EMPTY_BODY = YES;
				CLANG_WARN_ENUM_CONVERSION = YES;
				CLANG_WARN_INFINITE_RECURSION = YES;
				CLANG_WARN_INT_CONVERSION = YES;
				CLANG_WARN_NON_LITERAL_NULL_CONVERSION = YES;
				CLANG_WARN_OBJC_LITERAL_CONVERSION = YES;
				CLANG_WARN_OBJC_ROOT_CLASS = YES_ERROR;
				CLANG_WARN_RANGE_LOOP_ANALYSIS = YES;
				CLANG_WARN_STRICT_PROTOTYPES = YES;
				CLANG_WARN_SUSPICIOUS_MOVE = YES;
				CLANG_WARN_UNGUARDED_AVAILABILITY = YES_AGGRESSIVE;
				CLANG_WARN_UNREACHABLE_CODE = YES;
				CLANG_WARN__DUPLICATE_METHOD_MATCH = YES;
				CODE_SIGN_IDENTITY = "iPhone Developer";
				COPY_PHASE_STRIP = NO;
				DEBUG_INFORMATION_FORMAT = dwarf;
				ENABLE_STRICT_OBJC_MSGSEND = YES;
				ENABLE_TESTABILITY = YES;
				GCC_C_LANGUAGE_STANDARD = gnu11;
				GCC_DYNAMIC_NO_PIC = NO;
				GCC_NO_COMMON_BLOCKS = YES;
				GCC_OPTIMIZATION_LEVEL = 0;
				GCC_PREPROCESSOR_DEFINITIONS = (
					"DEBUG=1",
					"$(inherited)",
				);
				GCC_WARN_64_TO_32_BIT_CONVERSION = YES;
				GCC_WARN_ABOUT_RETURN_TYPE = YES_ERROR;
				GCC_WARN_UNDECLARED_SELECTOR = YES;
				GCC_WARN_UNINITIALIZED_AUTOS = YES_AGGRESSIVE;
				GCC_WARN_UNUSED_FUNCTION = YES;
				GCC_WARN_UNUSED_VARIABLE = YES;
				IPHONEOS_DEPLOYMENT_TARGET = 11.0;
				MTL_ENABLE_DEBUG_INFO = YES;
				ONLY_ACTIVE_ARCH = YES;
				SDKROOT = iphoneos;
			};
			name = Debug;
		};
		B09029671FC3C761003FE2FB /* Release */ = {
			isa = XCBuildConfiguration;
			buildSettings = {
				ALWAYS_SEARCH_USER_PATHS = NO;
				CLANG_ANALYZER_NONNULL = YES;
				CLANG_ANALYZER_NUMBER_OBJECT_CONVERSION = YES_AGGRESSIVE;
				CLANG_CXX_LANGUAGE_STANDARD = "gnu++14";
				CLANG_CXX_LIBRARY = "libc++";
				CLANG_ENABLE_MODULES = YES;
				CLANG_ENABLE_OBJC_ARC = YES;
				CLANG_WARN_BLOCK_CAPTURE_AUTORELEASING = YES;
				CLANG_WARN_BOOL_CONVERSION = YES;
				CLANG_WARN_COMMA = YES;
				CLANG_WARN_CONSTANT_CONVERSION = YES;
				CLANG_WARN_DIRECT_OBJC_ISA_USAGE = YES_ERROR;
				CLANG_WARN_DOCUMENTATION_COMMENTS = YES;
				CLANG_WARN_EMPTY_BODY = YES;
				CLANG_WARN_ENUM_CONVERSION = YES;
				CLANG_WARN_INFINITE_RECURSION = YES;
				CLANG_WARN_INT_CONVERSION = YES;
				CLANG_WARN_NON_LITERAL_NULL_CONVERSION = YES;
				CLANG_WARN_OBJC_LITERAL_CONVERSION = YES;
				CLANG_WARN_OBJC_ROOT_CLASS = YES_ERROR;
				CLANG_WARN_RANGE_LOOP_ANALYSIS = YES;
				CLANG_WARN_STRICT_PROTOTYPES = YES;
				CLANG_WARN_SUSPICIOUS_MOVE = YES;
				CLANG_WARN_UNGUARDED_AVAILABILITY = YES_AGGRESSIVE;
				CLANG_WARN_UNREACHABLE_CODE = YES;
				CLANG_WARN__DUPLICATE_METHOD_MATCH = YES;
				CODE_SIGN_IDENTITY = "iPhone Developer";
				COPY_PHASE_STRIP = NO;
				DEBUG_INFORMATION_FORMAT = "dwarf-with-dsym";
				ENABLE_NS_ASSERTIONS = NO;
				ENABLE_STRICT_OBJC_MSGSEND = YES;
				GCC_C_LANGUAGE_STANDARD = gnu11;
				GCC_NO_COMMON_BLOCKS = YES;
				GCC_WARN_64_TO_32_BIT_CONVERSION = YES;
				GCC_WARN_ABOUT_RETURN_TYPE = YES_ERROR;
				GCC_WARN_UNDECLARED_SELECTOR = YES;
				GCC_WARN_UNINITIALIZED_AUTOS = YES_AGGRESSIVE;
				GCC_WARN_UNUSED_FUNCTION = YES;
				GCC_WARN_UNUSED_VARIABLE = YES;
				IPHONEOS_DEPLOYMENT_TARGET = 11.0;
				MTL_ENABLE_DEBUG_INFO = NO;
				SDKROOT = iphoneos;
				VALIDATE_PRODUCT = YES;
			};
			name = Release;
		};
		B09029691FC3C761003FE2FB /* Debug */ = {
			isa = XCBuildConfiguration;
			buildSettings = {
				ASSETCATALOG_COMPILER_APPICON_NAME = AppIcon;
				CODE_SIGN_STYLE = Automatic;
				GCC_PREFIX_HEADER = "$(SRCROOT)/$(Project)/ExcelView/PrefixHeader.pch";
				INFOPLIST_FILE = ExcelView/Info.plist;
				LD_RUNPATH_SEARCH_PATHS = "$(inherited) @executable_path/Frameworks";
				PRODUCT_BUNDLE_IDENTIFIER = com.caolongs.ExcelView;
				PRODUCT_NAME = "$(TARGET_NAME)";
				TARGETED_DEVICE_FAMILY = "1,2";
			};
			name = Debug;
		};
		B090296A1FC3C761003FE2FB /* Release */ = {
			isa = XCBuildConfiguration;
			buildSettings = {
				ASSETCATALOG_COMPILER_APPICON_NAME = AppIcon;
				CODE_SIGN_STYLE = Automatic;
				GCC_PREFIX_HEADER = "$(SRCROOT)/$(Project)/ExcelView/PrefixHeader.pch";
				INFOPLIST_FILE = ExcelView/Info.plist;
				LD_RUNPATH_SEARCH_PATHS = "$(inherited) @executable_path/Frameworks";
				PRODUCT_BUNDLE_IDENTIFIER = com.caolongs.ExcelView;
				PRODUCT_NAME = "$(TARGET_NAME)";
				TARGETED_DEVICE_FAMILY = "1,2";
			};
			name = Release;
		};
		B090296C1FC3C761003FE2FB /* Debug */ = {
			isa = XCBuildConfiguration;
			buildSettings = {
				BUNDLE_LOADER = "$(TEST_HOST)";
				CODE_SIGN_STYLE = Automatic;
				INFOPLIST_FILE = ExcelViewTests/Info.plist;
				LD_RUNPATH_SEARCH_PATHS = "$(inherited) @executable_path/Frameworks @loader_path/Frameworks";
				PRODUCT_BUNDLE_IDENTIFIER = com.caolongs.ExcelViewTests;
				PRODUCT_NAME = "$(TARGET_NAME)";
				TARGETED_DEVICE_FAMILY = "1,2";
				TEST_HOST = "$(BUILT_PRODUCTS_DIR)/ExcelView.app/ExcelView";
			};
			name = Debug;
		};
		B090296D1FC3C761003FE2FB /* Release */ = {
			isa = XCBuildConfiguration;
			buildSettings = {
				BUNDLE_LOADER = "$(TEST_HOST)";
				CODE_SIGN_STYLE = Automatic;
				INFOPLIST_FILE = ExcelViewTests/Info.plist;
				LD_RUNPATH_SEARCH_PATHS = "$(inherited) @executable_path/Frameworks @loader_path/Frameworks";
				PRODUCT_BUNDLE_IDENTIFIER = com.caolongs.ExcelViewTests;
				PRODUCT_NAME = "$(TARGET_NAME)";
				TARGETED_DEVICE_FAMILY = "1,2";
				TEST_HOST = "$(BUILT_PRODUCTS_DIR)/ExcelView.app/ExcelView";
			};
			name = Release;
		};
		B090296F1FC3C761003FE2FB /* Debug */ = {
			isa = XCBuildConfiguration;
			buildSettings = {
				CODE_SIGN_STYLE = Automatic;
				INFOPLIST_FILE = ExcelViewUITests/Info.plist;
				LD_RUNPATH_SEARCH_PATHS = "$(inherited) @executable_path/Frameworks @loader_path/Frameworks";
				PRODUCT_BUNDLE_IDENTIFIER = com.caolongs.ExcelViewUITests;
				PRODUCT_NAME = "$(TARGET_NAME)";
				TARGETED_DEVICE_FAMILY = "1,2";
				TEST_TARGET_NAME = ExcelView;
			};
			name = Debug;
		};
		B09029701FC3C761003FE2FB /* Release */ = {
			isa = XCBuildConfiguration;
			buildSettings = {
				CODE_SIGN_STYLE = Automatic;
				INFOPLIST_FILE = ExcelViewUITests/Info.plist;
				LD_RUNPATH_SEARCH_PATHS = "$(inherited) @executable_path/Frameworks @loader_path/Frameworks";
				PRODUCT_BUNDLE_IDENTIFIER = com.caolongs.ExcelViewUITests;
				PRODUCT_NAME = "$(TARGET_NAME)";
				TARGETED_DEVICE_FAMILY = "1,2";
				TEST_TARGET_NAME = ExcelView;
			};
			name = Release;
		};
/* End XCBuildConfiguration section */

/* Begin XCConfigurationList section */
		B09029371FC3C760003FE2FB /* Build configuration list for PBXProject "ExcelView" */ = {
			isa = XCConfigurationList;
			buildConfigurations = (
				B09029661FC3C761003FE2FB /* Debug */,
				B09029671FC3C761003FE2FB /* Release */,
			);
			defaultConfigurationIsVisible = 0;
			defaultConfigurationName = Release;
		};
		B09029681FC3C761003FE2FB /* Build configuration list for PBXNativeTarget "ExcelView" */ = {
			isa = XCConfigurationList;
			buildConfigurations = (
				B09029691FC3C761003FE2FB /* Debug */,
				B090296A1FC3C761003FE2FB /* Release */,
			);
			defaultConfigurationIsVisible = 0;
			defaultConfigurationName = Release;
		};
		B090296B1FC3C761003FE2FB /* Build configuration list for PBXNativeTarget "ExcelViewTests" */ = {
			isa = XCConfigurationList;
			buildConfigurations = (
				B090296C1FC3C761003FE2FB /* Debug */,
				B090296D1FC3C761003FE2FB /* Release */,
			);
			defaultConfigurationIsVisible = 0;
			defaultConfigurationName = Release;
		};
		B090296E1FC3C761003FE2FB /* Build configuration list for PBXNativeTarget "ExcelViewUITests" */ = {
			isa = XCConfigurationList;
			buildConfigurations = (
				B090296F1FC3C761003FE2FB /* Debug */,
				B09029701FC3C761003FE2FB /* Release */,
			);
			defaultConfigurationIsVisible = 0;
			defaultConfigurationName = Release;
		};
/* End XCConfigurationList section */
	};
	rootObject = B09029341FC3C760003FE2FB /* Project object */;
}
